// !$*UTF8*$!
{
	archiveVersion = 1;
	classes = {
	};
	objectVersion = 46;
	objects = {

/* Begin PBXBuildFile section */
		21A153A9236A409B93CA31C7 /* libPods.a in Frameworks */ = {isa = PBXBuildFile; fileRef = 06185B4A6EA04136A92475A9 /* libPods.a */; };
		6C1B904218CDC43700FDD567 /* Foundation.framework in Frameworks */ = {isa = PBXBuildFile; fileRef = 6C1B904118CDC43700FDD567 /* Foundation.framework */; };
		6C1B904418CDC43700FDD567 /* CoreGraphics.framework in Frameworks */ = {isa = PBXBuildFile; fileRef = 6C1B904318CDC43700FDD567 /* CoreGraphics.framework */; };
		6C1B904618CDC43700FDD567 /* UIKit.framework in Frameworks */ = {isa = PBXBuildFile; fileRef = 6C1B904518CDC43700FDD567 /* UIKit.framework */; };
		6C1B904C18CDC43700FDD567 /* InfoPlist.strings in Resources */ = {isa = PBXBuildFile; fileRef = 6C1B904A18CDC43700FDD567 /* InfoPlist.strings */; };
		6C1B904E18CDC43700FDD567 /* main.m in Sources */ = {isa = PBXBuildFile; fileRef = 6C1B904D18CDC43700FDD567 /* main.m */; };
		6C1B905218CDC43700FDD567 /* AppDelegate.m in Sources */ = {isa = PBXBuildFile; fileRef = 6C1B905118CDC43700FDD567 /* AppDelegate.m */; };
		6C1B905518CDC43700FDD567 /* Main_iPhone.storyboard in Resources */ = {isa = PBXBuildFile; fileRef = 6C1B905318CDC43700FDD567 /* Main_iPhone.storyboard */; };
		6C1B905B18CDC43700FDD567 /* SwitchViewController.m in Sources */ = {isa = PBXBuildFile; fileRef = 6C1B905A18CDC43700FDD567 /* SwitchViewController.m */; };
		6C1B905E18CDC43700FDD567 /* TaskViewController.m in Sources */ = {isa = PBXBuildFile; fileRef = 6C1B905D18CDC43700FDD567 /* TaskViewController.m */; };
		6C1B906018CDC43800FDD567 /* Images.xcassets in Resources */ = {isa = PBXBuildFile; fileRef = 6C1B905F18CDC43800FDD567 /* Images.xcassets */; };
		6C1B906718CDC43800FDD567 /* XCTest.framework in Frameworks */ = {isa = PBXBuildFile; fileRef = 6C1B906618CDC43800FDD567 /* XCTest.framework */; };
		6C1B906818CDC43800FDD567 /* Foundation.framework in Frameworks */ = {isa = PBXBuildFile; fileRef = 6C1B904118CDC43700FDD567 /* Foundation.framework */; };
		6C1B906918CDC43800FDD567 /* UIKit.framework in Frameworks */ = {isa = PBXBuildFile; fileRef = 6C1B904518CDC43700FDD567 /* UIKit.framework */; };
		6C1B907118CDC43800FDD567 /* InfoPlist.strings in Resources */ = {isa = PBXBuildFile; fileRef = 6C1B906F18CDC43800FDD567 /* InfoPlist.strings */; };
		6C1B907318CDC43800FDD567 /* RaspClientTests.m in Sources */ = {isa = PBXBuildFile; fileRef = 6C1B907218CDC43800FDD567 /* RaspClientTests.m */; };
		6C359B7118FD523000EC07E7 /* NSURL+ServerURL.m in Sources */ = {isa = PBXBuildFile; fileRef = 6C359B7018FD523000EC07E7 /* NSURL+ServerURL.m */; };
		6C551C0D18D1963100394DD0 /* TableCell.xib in Resources */ = {isa = PBXBuildFile; fileRef = 6C551C0C18D1963100394DD0 /* TableCell.xib */; };
		6C551C1018D1971400394DD0 /* SwitchTableCell.m in Sources */ = {isa = PBXBuildFile; fileRef = 6C551C0F18D1971400394DD0 /* SwitchTableCell.m */; };
		6C59CD2D18CF348500560D74 /* LoginViewController.m in Sources */ = {isa = PBXBuildFile; fileRef = 6C59CD2C18CF348500560D74 /* LoginViewController.m */; };
		6C59CD3218CF3C1C00560D74 /* AFHTTPClient.m in Sources */ = {isa = PBXBuildFile; fileRef = 6C59CD3118CF3C1C00560D74 /* AFHTTPClient.m */; };
		6C59CD3518CF3E6C00560D74 /* UserService.m in Sources */ = {isa = PBXBuildFile; fileRef = 6C59CD3418CF3E6C00560D74 /* UserService.m */; };
		6C59CD3918CF452200560D74 /* User.m in Sources */ = {isa = PBXBuildFile; fileRef = 6C59CD3818CF452200560D74 /* User.m */; };
		6C59CD3C18CF498300560D74 /* SwitchService.m in Sources */ = {isa = PBXBuildFile; fileRef = 6C59CD3B18CF498300560D74 /* SwitchService.m */; };
		6C59CD3F18CF499D00560D74 /* TaskService.m in Sources */ = {isa = PBXBuildFile; fileRef = 6C59CD3E18CF499D00560D74 /* TaskService.m */; };
		6C59CD4218CF49B200560D74 /* Switch.m in Sources */ = {isa = PBXBuildFile; fileRef = 6C59CD4118CF49B200560D74 /* Switch.m */; };
		6C59CD4518CF49C800560D74 /* Task.m in Sources */ = {isa = PBXBuildFile; fileRef = 6C59CD4418CF49C800560D74 /* Task.m */; };
		6C636ED818D866C300A9C863 /* TaskTableCell.m in Sources */ = {isa = PBXBuildFile; fileRef = 6C636ED718D866C300A9C863 /* TaskTableCell.m */; };
		6C867EDE18D48BEB00337A89 /* CurrentUser.m in Sources */ = {isa = PBXBuildFile; fileRef = 6C867EDD18D48BEB00337A89 /* CurrentUser.m */; };
/* End PBXBuildFile section */

/* Begin PBXContainerItemProxy section */
		6C1B906A18CDC43800FDD567 /* PBXContainerItemProxy */ = {
			isa = PBXContainerItemProxy;
			containerPortal = 6C1B903618CDC43700FDD567 /* Project object */;
			proxyType = 1;
			remoteGlobalIDString = 6C1B903D18CDC43700FDD567;
			remoteInfo = RaspClient;
		};
/* End PBXContainerItemProxy section */

/* Begin PBXFileReference section */
		06185B4A6EA04136A92475A9 /* libPods.a */ = {isa = PBXFileReference; explicitFileType = archive.ar; includeInIndex = 0; path = libPods.a; sourceTree = BUILT_PRODUCTS_DIR; };
		67D7D8D2FFC744E987F2C55B /* Pods.xcconfig */ = {isa = PBXFileReference; includeInIndex = 1; lastKnownFileType = text.xcconfig; name = Pods.xcconfig; path = Pods/Pods.xcconfig; sourceTree = "<group>"; };
		6C1B903E18CDC43700FDD567 /* RaspClient.app */ = {isa = PBXFileReference; explicitFileType = wrapper.application; includeInIndex = 0; path = RaspClient.app; sourceTree = BUILT_PRODUCTS_DIR; };
		6C1B904118CDC43700FDD567 /* Foundation.framework */ = {isa = PBXFileReference; lastKnownFileType = wrapper.framework; name = Foundation.framework; path = System/Library/Frameworks/Foundation.framework; sourceTree = SDKROOT; };
		6C1B904318CDC43700FDD567 /* CoreGraphics.framework */ = {isa = PBXFileReference; lastKnownFileType = wrapper.framework; name = CoreGraphics.framework; path = System/Library/Frameworks/CoreGraphics.framework; sourceTree = SDKROOT; };
		6C1B904518CDC43700FDD567 /* UIKit.framework */ = {isa = PBXFileReference; lastKnownFileType = wrapper.framework; name = UIKit.framework; path = System/Library/Frameworks/UIKit.framework; sourceTree = SDKROOT; };
		6C1B904918CDC43700FDD567 /* RaspClient-Info.plist */ = {isa = PBXFileReference; lastKnownFileType = text.plist.xml; path = "RaspClient-Info.plist"; sourceTree = "<group>"; };
		6C1B904B18CDC43700FDD567 /* en */ = {isa = PBXFileReference; lastKnownFileType = text.plist.strings; name = en; path = en.lproj/InfoPlist.strings; sourceTree = "<group>"; };
		6C1B904D18CDC43700FDD567 /* main.m */ = {isa = PBXFileReference; lastKnownFileType = sourcecode.c.objc; path = main.m; sourceTree = "<group>"; };
		6C1B904F18CDC43700FDD567 /* RaspClient-Prefix.pch */ = {isa = PBXFileReference; lastKnownFileType = sourcecode.c.h; path = "RaspClient-Prefix.pch"; sourceTree = "<group>"; };
		6C1B905018CDC43700FDD567 /* AppDelegate.h */ = {isa = PBXFileReference; lastKnownFileType = sourcecode.c.h; path = AppDelegate.h; sourceTree = "<group>"; };
		6C1B905118CDC43700FDD567 /* AppDelegate.m */ = {isa = PBXFileReference; lastKnownFileType = sourcecode.c.objc; path = AppDelegate.m; sourceTree = "<group>"; };
		6C1B905418CDC43700FDD567 /* Base */ = {isa = PBXFileReference; lastKnownFileType = file.storyboard; name = Base; path = Base.lproj/Main_iPhone.storyboard; sourceTree = "<group>"; };
		6C1B905918CDC43700FDD567 /* SwitchViewController.h */ = {isa = PBXFileReference; lastKnownFileType = sourcecode.c.h; path = SwitchViewController.h; sourceTree = "<group>"; };
		6C1B905A18CDC43700FDD567 /* SwitchViewController.m */ = {isa = PBXFileReference; lastKnownFileType = sourcecode.c.objc; path = SwitchViewController.m; sourceTree = "<group>"; };
		6C1B905C18CDC43700FDD567 /* TaskViewController.h */ = {isa = PBXFileReference; lastKnownFileType = sourcecode.c.h; path = TaskViewController.h; sourceTree = "<group>"; };
		6C1B905D18CDC43700FDD567 /* TaskViewController.m */ = {isa = PBXFileReference; lastKnownFileType = sourcecode.c.objc; path = TaskViewController.m; sourceTree = "<group>"; };
		6C1B905F18CDC43800FDD567 /* Images.xcassets */ = {isa = PBXFileReference; lastKnownFileType = folder.assetcatalog; path = Images.xcassets; sourceTree = "<group>"; };
		6C1B906518CDC43800FDD567 /* RaspClientTests.xctest */ = {isa = PBXFileReference; explicitFileType = wrapper.cfbundle; includeInIndex = 0; path = RaspClientTests.xctest; sourceTree = BUILT_PRODUCTS_DIR; };
		6C1B906618CDC43800FDD567 /* XCTest.framework */ = {isa = PBXFileReference; lastKnownFileType = wrapper.framework; name = XCTest.framework; path = Library/Frameworks/XCTest.framework; sourceTree = DEVELOPER_DIR; };
		6C1B906E18CDC43800FDD567 /* RaspClientTests-Info.plist */ = {isa = PBXFileReference; lastKnownFileType = text.plist.xml; path = "RaspClientTests-Info.plist"; sourceTree = "<group>"; };
		6C1B907018CDC43800FDD567 /* en */ = {isa = PBXFileReference; lastKnownFileType = text.plist.strings; name = en; path = en.lproj/InfoPlist.strings; sourceTree = "<group>"; };
		6C1B907218CDC43800FDD567 /* RaspClientTests.m */ = {isa = PBXFileReference; lastKnownFileType = sourcecode.c.objc; path = RaspClientTests.m; sourceTree = "<group>"; };
		6C359B6F18FD523000EC07E7 /* NSURL+ServerURL.h */ = {isa = PBXFileReference; fileEncoding = 4; lastKnownFileType = sourcecode.c.h; path = "NSURL+ServerURL.h"; sourceTree = "<group>"; };
		6C359B7018FD523000EC07E7 /* NSURL+ServerURL.m */ = {isa = PBXFileReference; fileEncoding = 4; lastKnownFileType = sourcecode.c.objc; path = "NSURL+ServerURL.m"; sourceTree = "<group>"; };
		6C551C0C18D1963100394DD0 /* TableCell.xib */ = {isa = PBXFileReference; fileEncoding = 4; lastKnownFileType = file.xib; path = TableCell.xib; sourceTree = "<group>"; };
		6C551C0E18D1971400394DD0 /* SwitchTableCell.h */ = {isa = PBXFileReference; fileEncoding = 4; lastKnownFileType = sourcecode.c.h; path = SwitchTableCell.h; sourceTree = "<group>"; };
		6C551C0F18D1971400394DD0 /* SwitchTableCell.m */ = {isa = PBXFileReference; fileEncoding = 4; lastKnownFileType = sourcecode.c.objc; path = SwitchTableCell.m; sourceTree = "<group>"; };
		6C59CD2B18CF348500560D74 /* LoginViewController.h */ = {isa = PBXFileReference; fileEncoding = 4; lastKnownFileType = sourcecode.c.h; path = LoginViewController.h; sourceTree = "<group>"; };
		6C59CD2C18CF348500560D74 /* LoginViewController.m */ = {isa = PBXFileReference; fileEncoding = 4; lastKnownFileType = sourcecode.c.objc; path = LoginViewController.m; sourceTree = "<group>"; };
		6C59CD3018CF3C1C00560D74 /* AFHTTPClient.h */ = {isa = PBXFileReference; fileEncoding = 4; lastKnownFileType = sourcecode.c.h; path = AFHTTPClient.h; sourceTree = "<group>"; };
		6C59CD3118CF3C1C00560D74 /* AFHTTPClient.m */ = {isa = PBXFileReference; fileEncoding = 4; lastKnownFileType = sourcecode.c.objc; path = AFHTTPClient.m; sourceTree = "<group>"; };
		6C59CD3318CF3E6C00560D74 /* UserService.h */ = {isa = PBXFileReference; fileEncoding = 4; lastKnownFileType = sourcecode.c.h; path = UserService.h; sourceTree = "<group>"; };
		6C59CD3418CF3E6C00560D74 /* UserService.m */ = {isa = PBXFileReference; fileEncoding = 4; lastKnownFileType = sourcecode.c.objc; path = UserService.m; sourceTree = "<group>"; };
		6C59CD3718CF452200560D74 /* User.h */ = {isa = PBXFileReference; fileEncoding = 4; lastKnownFileType = sourcecode.c.h; path = User.h; sourceTree = "<group>"; };
		6C59CD3818CF452200560D74 /* User.m */ = {isa = PBXFileReference; fileEncoding = 4; lastKnownFileType = sourcecode.c.objc; path = User.m; sourceTree = "<group>"; };
		6C59CD3A18CF498300560D74 /* SwitchService.h */ = {isa = PBXFileReference; fileEncoding = 4; lastKnownFileType = sourcecode.c.h; path = SwitchService.h; sourceTree = "<group>"; };
		6C59CD3B18CF498300560D74 /* SwitchService.m */ = {isa = PBXFileReference; fileEncoding = 4; lastKnownFileType = sourcecode.c.objc; path = SwitchService.m; sourceTree = "<group>"; };
		6C59CD3D18CF499D00560D74 /* TaskService.h */ = {isa = PBXFileReference; fileEncoding = 4; lastKnownFileType = sourcecode.c.h; path = TaskService.h; sourceTree = "<group>"; };
		6C59CD3E18CF499D00560D74 /* TaskService.m */ = {isa = PBXFileReference; fileEncoding = 4; lastKnownFileType = sourcecode.c.objc; path = TaskService.m; sourceTree = "<group>"; };
		6C59CD4018CF49B200560D74 /* Switch.h */ = {isa = PBXFileReference; fileEncoding = 4; lastKnownFileType = sourcecode.c.h; path = Switch.h; sourceTree = "<group>"; };
		6C59CD4118CF49B200560D74 /* Switch.m */ = {isa = PBXFileReference; fileEncoding = 4; lastKnownFileType = sourcecode.c.objc; path = Switch.m; sourceTree = "<group>"; };
		6C59CD4318CF49C800560D74 /* Task.h */ = {isa = PBXFileReference; fileEncoding = 4; lastKnownFileType = sourcecode.c.h; path = Task.h; sourceTree = "<group>"; };
		6C59CD4418CF49C800560D74 /* Task.m */ = {isa = PBXFileReference; fileEncoding = 4; lastKnownFileType = sourcecode.c.objc; path = Task.m; sourceTree = "<group>"; };
		6C636ED618D866C300A9C863 /* TaskTableCell.h */ = {isa = PBXFileReference; fileEncoding = 4; lastKnownFileType = sourcecode.c.h; path = TaskTableCell.h; sourceTree = "<group>"; };
		6C636ED718D866C300A9C863 /* TaskTableCell.m */ = {isa = PBXFileReference; fileEncoding = 4; lastKnownFileType = sourcecode.c.objc; path = TaskTableCell.m; sourceTree = "<group>"; };
		6C867EDC18D48BEB00337A89 /* CurrentUser.h */ = {isa = PBXFileReference; fileEncoding = 4; lastKnownFileType = sourcecode.c.h; path = CurrentUser.h; sourceTree = "<group>"; };
		6C867EDD18D48BEB00337A89 /* CurrentUser.m */ = {isa = PBXFileReference; fileEncoding = 4; lastKnownFileType = sourcecode.c.objc; path = CurrentUser.m; sourceTree = "<group>"; };
/* End PBXFileReference section */

/* Begin PBXFrameworksBuildPhase section */
		6C1B903B18CDC43700FDD567 /* Frameworks */ = {
			isa = PBXFrameworksBuildPhase;
			buildActionMask = 2147483647;
			files = (
				6C1B904418CDC43700FDD567 /* CoreGraphics.framework in Frameworks */,
				6C1B904618CDC43700FDD567 /* UIKit.framework in Frameworks */,
				6C1B904218CDC43700FDD567 /* Foundation.framework in Frameworks */,
				21A153A9236A409B93CA31C7 /* libPods.a in Frameworks */,
			);
			runOnlyForDeploymentPostprocessing = 0;
		};
		6C1B906218CDC43800FDD567 /* Frameworks */ = {
			isa = PBXFrameworksBuildPhase;
			buildActionMask = 2147483647;
			files = (
				6C1B906718CDC43800FDD567 /* XCTest.framework in Frameworks */,
				6C1B906918CDC43800FDD567 /* UIKit.framework in Frameworks */,
				6C1B906818CDC43800FDD567 /* Foundation.framework in Frameworks */,
			);
			runOnlyForDeploymentPostprocessing = 0;
		};
/* End PBXFrameworksBuildPhase section */

/* Begin PBXGroup section */
		6C1B903518CDC43700FDD567 = {
			isa = PBXGroup;
			children = (
				6C1B904718CDC43700FDD567 /* RaspClient */,
				6C1B906C18CDC43800FDD567 /* RaspClientTests */,
				6C1B904018CDC43700FDD567 /* Frameworks */,
				6C1B903F18CDC43700FDD567 /* Products */,
				67D7D8D2FFC744E987F2C55B /* Pods.xcconfig */,
			);
			sourceTree = "<group>";
		};
		6C1B903F18CDC43700FDD567 /* Products */ = {
			isa = PBXGroup;
			children = (
				6C1B903E18CDC43700FDD567 /* RaspClient.app */,
				6C1B906518CDC43800FDD567 /* RaspClientTests.xctest */,
			);
			name = Products;
			sourceTree = "<group>";
		};
		6C1B904018CDC43700FDD567 /* Frameworks */ = {
			isa = PBXGroup;
			children = (
				6C1B904118CDC43700FDD567 /* Foundation.framework */,
				6C1B904318CDC43700FDD567 /* CoreGraphics.framework */,
				6C1B904518CDC43700FDD567 /* UIKit.framework */,
				6C1B906618CDC43800FDD567 /* XCTest.framework */,
				06185B4A6EA04136A92475A9 /* libPods.a */,
			);
			name = Frameworks;
			sourceTree = "<group>";
		};
		6C1B904718CDC43700FDD567 /* RaspClient */ = {
			isa = PBXGroup;
			children = (
				6C867EDB18D48BCB00337A89 /* Cache */,
				6C551C0B18D1960400394DD0 /* View */,
				6C59CD3618CF450E00560D74 /* Model */,
				6C59CD2F18CF3B6A00560D74 /* Network */,
				6C59CD2A18CF342000560D74 /* ViewController */,
				6C1B905018CDC43700FDD567 /* AppDelegate.h */,
				6C1B905118CDC43700FDD567 /* AppDelegate.m */,
				6C1B905318CDC43700FDD567 /* Main_iPhone.storyboard */,
				6C1B905F18CDC43800FDD567 /* Images.xcassets */,
				6C1B904818CDC43700FDD567 /* Supporting Files */,
			);
			path = RaspClient;
			sourceTree = "<group>";
		};
		6C1B904818CDC43700FDD567 /* Supporting Files */ = {
			isa = PBXGroup;
			children = (
				6C1B904918CDC43700FDD567 /* RaspClient-Info.plist */,
				6C1B904A18CDC43700FDD567 /* InfoPlist.strings */,
				6C1B904D18CDC43700FDD567 /* main.m */,
				6C1B904F18CDC43700FDD567 /* RaspClient-Prefix.pch */,
			);
			name = "Supporting Files";
			sourceTree = "<group>";
		};
		6C1B906C18CDC43800FDD567 /* RaspClientTests */ = {
			isa = PBXGroup;
			children = (
				6C1B907218CDC43800FDD567 /* RaspClientTests.m */,
				6C1B906D18CDC43800FDD567 /* Supporting Files */,
			);
			path = RaspClientTests;
			sourceTree = "<group>";
		};
		6C1B906D18CDC43800FDD567 /* Supporting Files */ = {
			isa = PBXGroup;
			children = (
				6C1B906E18CDC43800FDD567 /* RaspClientTests-Info.plist */,
				6C1B906F18CDC43800FDD567 /* InfoPlist.strings */,
			);
			name = "Supporting Files";
			sourceTree = "<group>";
		};
		6C551C0B18D1960400394DD0 /* View */ = {
			isa = PBXGroup;
			children = (
				6C551C0C18D1963100394DD0 /* TableCell.xib */,
				6C551C0E18D1971400394DD0 /* SwitchTableCell.h */,
				6C551C0F18D1971400394DD0 /* SwitchTableCell.m */,
				6CAEE80018DDBD2B002EFD8D /* TaskTableCell */,
			);
			name = View;
			sourceTree = "<group>";
		};
		6C59CD2A18CF342000560D74 /* ViewController */ = {
			isa = PBXGroup;
			children = (
				6C1B905918CDC43700FDD567 /* SwitchViewController.h */,
				6C1B905A18CDC43700FDD567 /* SwitchViewController.m */,
				6C1B905C18CDC43700FDD567 /* TaskViewController.h */,
				6C1B905D18CDC43700FDD567 /* TaskViewController.m */,
				6C59CD2B18CF348500560D74 /* LoginViewController.h */,
				6C59CD2C18CF348500560D74 /* LoginViewController.m */,
			);
			name = ViewController;
			sourceTree = "<group>";
		};
		6C59CD2F18CF3B6A00560D74 /* Network */ = {
			isa = PBXGroup;
			children = (
				6C59CD3018CF3C1C00560D74 /* AFHTTPClient.h */,
				6C59CD3118CF3C1C00560D74 /* AFHTTPClient.m */,
				6C59CD3318CF3E6C00560D74 /* UserService.h */,
				6C59CD3418CF3E6C00560D74 /* UserService.m */,
				6C59CD3A18CF498300560D74 /* SwitchService.h */,
				6C59CD3B18CF498300560D74 /* SwitchService.m */,
				6C59CD3D18CF499D00560D74 /* TaskService.h */,
				6C59CD3E18CF499D00560D74 /* TaskService.m */,
				6C359B6F18FD523000EC07E7 /* NSURL+ServerURL.h */,
				6C359B7018FD523000EC07E7 /* NSURL+ServerURL.m */,
			);
			name = Network;
			sourceTree = "<group>";
		};
		6C59CD3618CF450E00560D74 /* Model */ = {
			isa = PBXGroup;
			children = (
				6C59CD3718CF452200560D74 /* User.h */,
				6C59CD3818CF452200560D74 /* User.m */,
				6C59CD4018CF49B200560D74 /* Switch.h */,
				6C59CD4118CF49B200560D74 /* Switch.m */,
				6C59CD4318CF49C800560D74 /* Task.h */,
				6C59CD4418CF49C800560D74 /* Task.m */,
			);
			name = Model;
			sourceTree = "<group>";
		};
		6C867EDB18D48BCB00337A89 /* Cache */ = {
			isa = PBXGroup;
			children = (
				6C867EDC18D48BEB00337A89 /* CurrentUser.h */,
				6C867EDD18D48BEB00337A89 /* CurrentUser.m */,
			);
			name = Cache;
			sourceTree = "<group>";
		};
		6CAEE80018DDBD2B002EFD8D /* TaskTableCell */ = {
			isa = PBXGroup;
			children = (
				6C636ED618D866C300A9C863 /* TaskTableCell.h */,
				6C636ED718D866C300A9C863 /* TaskTableCell.m */,
			);
			name = TaskTableCell;
			sourceTree = "<group>";
		};
/* End PBXGroup section */

/* Begin PBXNativeTarget section */
		6C1B903D18CDC43700FDD567 /* RaspClient */ = {
			isa = PBXNativeTarget;
			buildConfigurationList = 6C1B907618CDC43800FDD567 /* Build configuration list for PBXNativeTarget "RaspClient" */;
			buildPhases = (
				FBF07CEFD6AE4DA1895495B0 /* Check Pods Manifest.lock */,
				6C1B903A18CDC43700FDD567 /* Sources */,
				6C1B903B18CDC43700FDD567 /* Frameworks */,
				6C1B903C18CDC43700FDD567 /* Resources */,
				9A8E787FEED648D888F1BB85 /* Copy Pods Resources */,
			);
			buildRules = (
			);
			dependencies = (
			);
			name = RaspClient;
			productName = RaspClient;
			productReference = 6C1B903E18CDC43700FDD567 /* RaspClient.app */;
			productType = "com.apple.product-type.application";
		};
		6C1B906418CDC43800FDD567 /* RaspClientTests */ = {
			isa = PBXNativeTarget;
			buildConfigurationList = 6C1B907918CDC43800FDD567 /* Build configuration list for PBXNativeTarget "RaspClientTests" */;
			buildPhases = (
				6C1B906118CDC43800FDD567 /* Sources */,
				6C1B906218CDC43800FDD567 /* Frameworks */,
				6C1B906318CDC43800FDD567 /* Resources */,
			);
			buildRules = (
			);
			dependencies = (
				6C1B906B18CDC43800FDD567 /* PBXTargetDependency */,
			);
			name = RaspClientTests;
			productName = RaspClientTests;
			productReference = 6C1B906518CDC43800FDD567 /* RaspClientTests.xctest */;
			productType = "com.apple.product-type.bundle.unit-test";
		};
/* End PBXNativeTarget section */

/* Begin PBXProject section */
		6C1B903618CDC43700FDD567 /* Project object */ = {
			isa = PBXProject;
			attributes = {
				LastUpgradeCheck = 0500;
				ORGANIZATIONNAME = ShiningChan;
				TargetAttributes = {
					6C1B906418CDC43800FDD567 = {
						TestTargetID = 6C1B903D18CDC43700FDD567;
					};
				};
			};
			buildConfigurationList = 6C1B903918CDC43700FDD567 /* Build configuration list for PBXProject "RaspClient" */;
			compatibilityVersion = "Xcode 3.2";
			developmentRegion = English;
			hasScannedForEncodings = 0;
			knownRegions = (
				en,
				Base,
			);
			mainGroup = 6C1B903518CDC43700FDD567;
			productRefGroup = 6C1B903F18CDC43700FDD567 /* Products */;
			projectDirPath = "";
			projectRoot = "";
			targets = (
				6C1B903D18CDC43700FDD567 /* RaspClient */,
				6C1B906418CDC43800FDD567 /* RaspClientTests */,
			);
		};
/* End PBXProject section */

/* Begin PBXResourcesBuildPhase section */
		6C1B903C18CDC43700FDD567 /* Resources */ = {
			isa = PBXResourcesBuildPhase;
			buildActionMask = 2147483647;
			files = (
				6C1B906018CDC43800FDD567 /* Images.xcassets in Resources */,
				6C551C0D18D1963100394DD0 /* TableCell.xib in Resources */,
				6C1B905518CDC43700FDD567 /* Main_iPhone.storyboard in Resources */,
				6C1B904C18CDC43700FDD567 /* InfoPlist.strings in Resources */,
			);
			runOnlyForDeploymentPostprocessing = 0;
		};
		6C1B906318CDC43800FDD567 /* Resources */ = {
			isa = PBXResourcesBuildPhase;
			buildActionMask = 2147483647;
			files = (
				6C1B907118CDC43800FDD567 /* InfoPlist.strings in Resources */,
			);
			runOnlyForDeploymentPostprocessing = 0;
		};
/* End PBXResourcesBuildPhase section */

/* Begin PBXShellScriptBuildPhase section */
		9A8E787FEED648D888F1BB85 /* Copy Pods Resources */ = {
			isa = PBXShellScriptBuildPhase;
			buildActionMask = 2147483647;
			files = (
			);
			inputPaths = (
			);
			name = "Copy Pods Resources";
			outputPaths = (
			);
			runOnlyForDeploymentPostprocessing = 0;
			shellPath = /bin/sh;
			shellScript = "\"${SRCROOT}/Pods/Pods-resources.sh\"\n";
			showEnvVarsInLog = 0;
		};
		FBF07CEFD6AE4DA1895495B0 /* Check Pods Manifest.lock */ = {
			isa = PBXShellScriptBuildPhase;
			buildActionMask = 2147483647;
			files = (
			);
			inputPaths = (
			);
			name = "Check Pods Manifest.lock";
			outputPaths = (
			);
			runOnlyForDeploymentPostprocessing = 0;
			shellPath = /bin/sh;
			shellScript = "diff \"${PODS_ROOT}/../Podfile.lock\" \"${PODS_ROOT}/Manifest.lock\" > /dev/null\nif [[ $? != 0 ]] ; then\n    cat << EOM\nerror: The sandbox is not in sync with the Podfile.lock. Run 'pod install' or update your CocoaPods installation.\nEOM\n    exit 1\nfi\n";
			showEnvVarsInLog = 0;
		};
/* End PBXShellScriptBuildPhase section */

/* Begin PBXSourcesBuildPhase section */
		6C1B903A18CDC43700FDD567 /* Sources */ = {
			isa = PBXSourcesBuildPhase;
			buildActionMask = 2147483647;
			files = (
				6C59CD3C18CF498300560D74 /* SwitchService.m in Sources */,
				6C59CD3918CF452200560D74 /* User.m in Sources */,
				6C59CD4218CF49B200560D74 /* Switch.m in Sources */,
				6C1B905E18CDC43700FDD567 /* TaskViewController.m in Sources */,
				6C59CD4518CF49C800560D74 /* Task.m in Sources */,
				6C1B905218CDC43700FDD567 /* AppDelegate.m in Sources */,
				6C636ED818D866C300A9C863 /* TaskTableCell.m in Sources */,
				6C867EDE18D48BEB00337A89 /* CurrentUser.m in Sources */,
				6C59CD3F18CF499D00560D74 /* TaskService.m in Sources */,
				6C59CD3518CF3E6C00560D74 /* UserService.m in Sources */,
				6C1B905B18CDC43700FDD567 /* SwitchViewController.m in Sources */,
				6C1B904E18CDC43700FDD567 /* main.m in Sources */,
				6C359B7118FD523000EC07E7 /* NSURL+ServerURL.m in Sources */,
				6C59CD2D18CF348500560D74 /* LoginViewController.m in Sources */,
				6C59CD3218CF3C1C00560D74 /* AFHTTPClient.m in Sources */,
				6C551C1018D1971400394DD0 /* SwitchTableCell.m in Sources */,
			);
			runOnlyForDeploymentPostprocessing = 0;
		};
		6C1B906118CDC43800FDD567 /* Sources */ = {
			isa = PBXSourcesBuildPhase;
			buildActionMask = 2147483647;
			files = (
				6C1B907318CDC43800FDD567 /* RaspClientTests.m in Sources */,
			);
			runOnlyForDeploymentPostprocessing = 0;
		};
/* End PBXSourcesBuildPhase section */

/* Begin PBXTargetDependency section */
		6C1B906B18CDC43800FDD567 /* PBXTargetDependency */ = {
			isa = PBXTargetDependency;
			target = 6C1B903D18CDC43700FDD567 /* RaspClient */;
			targetProxy = 6C1B906A18CDC43800FDD567 /* PBXContainerItemProxy */;
		};
/* End PBXTargetDependency section */

/* Begin PBXVariantGroup section */
		6C1B904A18CDC43700FDD567 /* InfoPlist.strings */ = {
			isa = PBXVariantGroup;
			children = (
				6C1B904B18CDC43700FDD567 /* en */,
			);
			name = InfoPlist.strings;
			sourceTree = "<group>";
		};
		6C1B905318CDC43700FDD567 /* Main_iPhone.storyboard */ = {
			isa = PBXVariantGroup;
			children = (
				6C1B905418CDC43700FDD567 /* Base */,
			);
			name = Main_iPhone.storyboard;
			sourceTree = "<group>";
		};
		6C1B906F18CDC43800FDD567 /* InfoPlist.strings */ = {
			isa = PBXVariantGroup;
			children = (
				6C1B907018CDC43800FDD567 /* en */,
			);
			name = InfoPlist.strings;
			sourceTree = "<group>";
		};
/* End PBXVariantGroup section */

/* Begin XCBuildConfiguration section */
		6C1B907418CDC43800FDD567 /* Debug */ = {
			isa = XCBuildConfiguration;
			buildSettings = {
				ALWAYS_SEARCH_USER_PATHS = NO;
				ARCHS = "$(ARCHS_STANDARD_INCLUDING_64_BIT)";
				CLANG_CXX_LANGUAGE_STANDARD = "gnu++0x";
				CLANG_CXX_LIBRARY = "libc++";
				CLANG_ENABLE_MODULES = YES;
				CLANG_ENABLE_OBJC_ARC = YES;
				CLANG_WARN_BOOL_CONVERSION = YES;
				CLANG_WARN_CONSTANT_CONVERSION = YES;
				CLANG_WARN_DIRECT_OBJC_ISA_USAGE = YES_ERROR;
				CLANG_WARN_EMPTY_BODY = YES;
				CLANG_WARN_ENUM_CONVERSION = YES;
				CLANG_WARN_INT_CONVERSION = YES;
				CLANG_WARN_OBJC_ROOT_CLASS = YES_ERROR;
				CLANG_WARN__DUPLICATE_METHOD_MATCH = YES;
				"CODE_SIGN_IDENTITY[sdk=iphoneos*]" = "iPhone Developer";
				COPY_PHASE_STRIP = NO;
				GCC_C_LANGUAGE_STANDARD = gnu99;
				GCC_DYNAMIC_NO_PIC = NO;
				GCC_OPTIMIZATION_LEVEL = 0;
				GCC_PREPROCESSOR_DEFINITIONS = (
					"DEBUG=1",
					"$(inherited)",
				);
				GCC_SYMBOLS_PRIVATE_EXTERN = NO;
				GCC_WARN_64_TO_32_BIT_CONVERSION = YES;
				GCC_WARN_ABOUT_RETURN_TYPE = YES_ERROR;
				GCC_WARN_UNDECLARED_SELECTOR = YES;
				GCC_WARN_UNINITIALIZED_AUTOS = YES;
				GCC_WARN_UNUSED_FUNCTION = YES;
				GCC_WARN_UNUSED_VARIABLE = YES;
				IPHONEOS_DEPLOYMENT_TARGET = 7.0;
				ONLY_ACTIVE_ARCH = YES;
				SDKROOT = iphoneos;
				TARGETED_DEVICE_FAMILY = "1,2";
			};
			name = Debug;
		};
		6C1B907518CDC43800FDD567 /* Release */ = {
			isa = XCBuildConfiguration;
			buildSettings = {
				ALWAYS_SEARCH_USER_PATHS = NO;
				ARCHS = "$(ARCHS_STANDARD_INCLUDING_64_BIT)";
				CLANG_CXX_LANGUAGE_STANDARD = "gnu++0x";
				CLANG_CXX_LIBRARY = "libc++";
				CLANG_ENABLE_MODULES = YES;
				CLANG_ENABLE_OBJC_ARC = YES;
				CLANG_WARN_BOOL_CONVERSION = YES;
				CLANG_WARN_CONSTANT_CONVERSION = YES;
				CLANG_WARN_DIRECT_OBJC_ISA_USAGE = YES_ERROR;
				CLANG_WARN_EMPTY_BODY = YES;
				CLANG_WARN_ENUM_CONVERSION = YES;
				CLANG_WARN_INT_CONVERSION = YES;
				CLANG_WARN_OBJC_ROOT_CLASS = YES_ERROR;
				CLANG_WARN__DUPLICATE_METHOD_MATCH = YES;
				"CODE_SIGN_IDENTITY[sdk=iphoneos*]" = "iPhone Developer";
				COPY_PHASE_STRIP = YES;
				ENABLE_NS_ASSERTIONS = NO;
				GCC_C_LANGUAGE_STANDARD = gnu99;
				GCC_WARN_64_TO_32_BIT_CONVERSION = YES;
				GCC_WARN_ABOUT_RETURN_TYPE = YES_ERROR;
				GCC_WARN_UNDECLARED_SELECTOR = YES;
				GCC_WARN_UNINITIALIZED_AUTOS = YES;
				GCC_WARN_UNUSED_FUNCTION = YES;
				GCC_WARN_UNUSED_VARIABLE = YES;
				IPHONEOS_DEPLOYMENT_TARGET = 7.0;
				SDKROOT = iphoneos;
				TARGETED_DEVICE_FAMILY = "1,2";
				VALIDATE_PRODUCT = YES;
			};
			name = Release;
		};
		6C1B907718CDC43800FDD567 /* Debug */ = {
			isa = XCBuildConfiguration;
			baseConfigurationReference = 67D7D8D2FFC744E987F2C55B /* Pods.xcconfig */;
			buildSettings = {
				ASSETCATALOG_COMPILER_APPICON_NAME = AppIcon;
				ASSETCATALOG_COMPILER_LAUNCHIMAGE_NAME = LaunchImage;
				GCC_PRECOMPILE_PREFIX_HEADER = YES;
				GCC_PREFIX_HEADER = "RaspClient/RaspClient-Prefix.pch";
				GCC_PREPROCESSOR_DEFINITIONS = (
					"ENABLE_PONYDEBUGGER=0",
					"$(inherited)",
					"COCOAPODS=1",
				);
				INFOPLIST_FILE = "RaspClient/RaspClient-Info.plist";
				PRODUCT_NAME = "$(TARGET_NAME)";
				TARGETED_DEVICE_FAMILY = 1;
				WRAPPER_EXTENSION = app;
			};
			name = Debug;
		};
		6C1B907818CDC43800FDD567 /* Release */ = {
			isa = XCBuildConfiguration;
			baseConfigurationReference = 67D7D8D2FFC744E987F2C55B /* Pods.xcconfig */;
			buildSettings = {
				ASSETCATALOG_COMPILER_APPICON_NAME = AppIcon;
				ASSETCATALOG_COMPILER_LAUNCHIMAGE_NAME = LaunchImage;
				GCC_PRECOMPILE_PREFIX_HEADER = YES;
				GCC_PREFIX_HEADER = "RaspClient/RaspClient-Prefix.pch";
				INFOPLIST_FILE = "RaspClient/RaspClient-Info.plist";
				PRODUCT_NAME = "$(TARGET_NAME)";
				TARGETED_DEVICE_FAMILY = 1;
				WRAPPER_EXTENSION = app;
			};
			name = Release;
		};
		6C1B907A18CDC43800FDD567 /* Debug */ = {
			isa = XCBuildConfiguration;
			buildSettings = {
				ARCHS = "$(ARCHS_STANDARD_INCLUDING_64_BIT)";
				BUNDLE_LOADER = "$(BUILT_PRODUCTS_DIR)/RaspClient.app/RaspClient";
				FRAMEWORK_SEARCH_PATHS = (
					"$(SDKROOT)/Developer/Library/Frameworks",
					"$(inherited)",
					"$(DEVELOPER_FRAMEWORKS_DIR)",
				);
				GCC_PRECOMPILE_PREFIX_HEADER = YES;
				GCC_PREFIX_HEADER = "RaspClient/RaspClient-Prefix.pch";
				GCC_PREPROCESSOR_DEFINITIONS = (
					"DEBUG=1",
					"$(inherited)",
				);
				INFOPLIST_FILE = "RaspClientTests/RaspClientTests-Info.plist";
				PRODUCT_NAME = "$(TARGET_NAME)";
				TEST_HOST = "$(BUNDLE_LOADER)";
				WRAPPER_EXTENSION = xctest;
			};
			name = Debug;
		};
		6C1B907B18CDC43800FDD567 /* Release */ = {
			isa = XCBuildConfiguration;
			buildSettings = {
				ARCHS = "$(ARCHS_STANDARD_INCLUDING_64_BIT)";
				BUNDLE_LOADER = "$(BUILT_PRODUCTS_DIR)/RaspClient.app/RaspClient";
				FRAMEWORK_SEARCH_PATHS = (
					"$(SDKROOT)/Developer/Library/Frameworks",
					"$(inherited)",
					"$(DEVELOPER_FRAMEWORKS_DIR)",
				);
				GCC_PRECOMPILE_PREFIX_HEADER = YES;
				GCC_PREFIX_HEADER = "RaspClient/RaspClient-Prefix.pch";
				INFOPLIST_FILE = "RaspClientTests/RaspClientTests-Info.plist";
				PRODUCT_NAME = "$(TARGET_NAME)";
				TEST_HOST = "$(BUNDLE_LOADER)";
				WRAPPER_EXTENSION = xctest;
			};
			name = Release;
		};
/* End XCBuildConfiguration section */

/* Begin XCConfigurationList section */
		6C1B903918CDC43700FDD567 /* Build configuration list for PBXProject "RaspClient" */ = {
			isa = XCConfigurationList;
			buildConfigurations = (
				6C1B907418CDC43800FDD567 /* Debug */,
				6C1B907518CDC43800FDD567 /* Release */,
			);
			defaultConfigurationIsVisible = 0;
			defaultConfigurationName = Release;
		};
		6C1B907618CDC43800FDD567 /* Build configuration list for PBXNativeTarget "RaspClient" */ = {
			isa = XCConfigurationList;
			buildConfigurations = (
				6C1B907718CDC43800FDD567 /* Debug */,
				6C1B907818CDC43800FDD567 /* Release */,
			);
			defaultConfigurationIsVisible = 0;
			defaultConfigurationName = Release;
		};
		6C1B907918CDC43800FDD567 /* Build configuration list for PBXNativeTarget "RaspClientTests" */ = {
			isa = XCConfigurationList;
			buildConfigurations = (
				6C1B907A18CDC43800FDD567 /* Debug */,
				6C1B907B18CDC43800FDD567 /* Release */,
			);
			defaultConfigurationIsVisible = 0;
			defaultConfigurationName = Release;
		};
/* End XCConfigurationList section */
	};
	rootObject = 6C1B903618CDC43700FDD567 /* Project object */;
}
